
Microsoft Visual Studio Solution File, Format Version 12.00
# Visual Studio Version 16
VisualStudioVersion = 16.0.30907.101
MinimumVisualStudioVersion = 10.0.40219.1
Project("{FAE04EC0-301F-11D3-BF4B-00C04F79EFBC}") = "TMS Service", "TMS Service.csproj", "{8C5769FA-1621-472D-88B9-2041F37AF602}"
EndProject
Global
	GlobalSection(SolutionConfigurationPlatforms) = preSolution
		Debug|Any CPU = Debug|Any CPU
		Release|Any CPU = Release|Any CPU
	EndGlobalSection
	GlobalSection(ProjectConfigurationPlatforms) = postSolution
		{8C5769FA-1621-472D-88B9-2041F37AF602}.Debug|Any CPU.ActiveCfg = Release|Any CPU
		{8C5769FA-1621-472D-88B9-2041F37AF602}.Debug|Any CPU.Build.0 = Release|Any CPU
		{8C5769FA-1621-472D-88B9-2041F37AF602}.Release|Any CPU.ActiveCfg = Release|Any CPU
		{8C5769FA-1621-472D-88B9-2041F37AF602}.Release|Any CPU.Build.0 = Release|Any CPU
	EndGlobalSection
	GlobalSection(SolutionProperties) = preSolution
		HideSolutionNode = FALSE
	EndGlobalSection
	GlobalSection(ExtensibilityGlobals) = postSolution
		SolutionGuid = {C920792F-8AB9-4A7E-8329-1BDD58E1D7EA}
	EndGlobalSection
EndGlobal
